
Microsoft Visual Studio Solution File, Format Version 12.00
# Visual Studio Version 16
VisualStudioVersion = 16.0.31019.35
MinimumVisualStudioVersion = 10.0.40219.1
Project("{FAE04EC0-301F-11D3-BF4B-00C04F79EFBC}") = "usuWeb", "usuWeb\usuWeb.csproj", "{86787E9A-26B1-447C-94A0-33B20288DECA}"
EndProject
Global
	GlobalSection(SolutionConfigurationPlatforms) = preSolution
		Debug|Any CPU = Debug|Any CPU
		Release|Any CPU = Release|Any CPU
	EndGlobalSection
	GlobalSection(ProjectConfigurationPlatforms) = postSolution
		{86787E9A-26B1-447C-94A0-33B20288DECA}.Debug|Any CPU.ActiveCfg = Debug|Any CPU
		{86787E9A-26B1-447C-94A0-33B20288DECA}.Debug|Any CPU.Build.0 = Debug|Any CPU
		{86787E9A-26B1-447C-94A0-33B20288DECA}.Release|Any CPU.ActiveCfg = Release|Any CPU
		{86787E9A-26B1-447C-94A0-33B20288DECA}.Release|Any CPU.Build.0 = Release|Any CPU
	EndGlobalSection
	GlobalSection(SolutionProperties) = preSolution
		HideSolutionNode = FALSE
	EndGlobalSection
	GlobalSection(ExtensibilityGlobals) = postSolution
		SolutionGuid = {B4400AC9-C1DE-4E02-AC6E-0989B875034E}
	EndGlobalSection
EndGlobal
